
Microsoft Visual Studio Solution File, Format Version 12.00
# Visual Studio Version 16
VisualStudioVersion = 16.0.31410.357
MinimumVisualStudioVersion = 10.0.40219.1
Project("{FAE04EC0-301F-11D3-BF4B-00C04F79EFBC}") = "Geen_Exercício2", "Geen_Exercício2\Geen_Exercício2.csproj", "{DA86E1BF-4CD7-48A7-9262-6D4438D4C4A8}"
EndProject
Global
	GlobalSection(SolutionConfigurationPlatforms) = preSolution
		Debug|Any CPU = Debug|Any CPU
		Release|Any CPU = Release|Any CPU
	EndGlobalSection
	GlobalSection(ProjectConfigurationPlatforms) = postSolution
		{DA86E1BF-4CD7-48A7-9262-6D4438D4C4A8}.Debug|Any CPU.ActiveCfg = Debug|Any CPU
		{DA86E1BF-4CD7-48A7-9262-6D4438D4C4A8}.Debug|Any CPU.Build.0 = Debug|Any CPU
		{DA86E1BF-4CD7-48A7-9262-6D4438D4C4A8}.Release|Any CPU.ActiveCfg = Release|Any CPU
		{DA86E1BF-4CD7-48A7-9262-6D4438D4C4A8}.Release|Any CPU.Build.0 = Release|Any CPU
	EndGlobalSection
	GlobalSection(SolutionProperties) = preSolution
		HideSolutionNode = FALSE
	EndGlobalSection
	GlobalSection(ExtensibilityGlobals) = postSolution
		SolutionGuid = {DD8D6365-C062-4BB3-BB78-7ADE2177BE76}
	EndGlobalSection
EndGlobal
